dependencies:
- name: redis
  repository: https://charts.bitnami.com/bitnami
  version: 10.6.5
- name: cassandra
  repository: https://charts.bitnami.com/bitnami
  version: 5.2.0
digest: sha256:ef26423e09110ed2cfe6f75ebe4790a903fba58137a9bd3587844ca3038e4f1d
generated: "2020-04-14T20:26:54.64335-07:00"
